// !$*UTF8*$!
{
	archiveVersion = 1;
	classes = {
	};
	objectVersion = 48;
	objects = {

/* Begin PBXBuildFile section */
		8E51168E1F83F810002D39AA /* AppDelegate.m in Sources */ = {isa = PBXBuildFile; fileRef = 8E51168D1F83F810002D39AA /* AppDelegate.m */; };
		8E5116911F83F810002D39AA /* ViewController.m in Sources */ = {isa = PBXBuildFile; fileRef = 8E5116901F83F810002D39AA /* ViewController.m */; };
		8E5116941F83F810002D39AA /* Main.storyboard in Resources */ = {isa = PBXBuildFile; fileRef = 8E5116921F83F810002D39AA /* Main.storyboard */; };
		8E5116961F83F810002D39AA /* Assets.xcassets in Resources */ = {isa = PBXBuildFile; fileRef = 8E5116951F83F810002D39AA /* Assets.xcassets */; };
		8E5116991F83F810002D39AA /* LaunchScreen.storyboard in Resources */ = {isa = PBXBuildFile; fileRef = 8E5116971F83F810002D39AA /* LaunchScreen.storyboard */; };
		8E51169C1F83F810002D39AA /* main.m in Sources */ = {isa = PBXBuildFile; fileRef = 8E51169B1F83F810002D39AA /* main.m */; };
/* End PBXBuildFile section */

/* Begin PBXFileReference section */
		8E5116891F83F810002D39AA /* methodLinkTest.app */ = {isa = PBXFileReference; explicitFileType = wrapper.application; includeInIndex = 0; path = methodLinkTest.app; sourceTree = BUILT_PRODUCTS_DIR; };
		8E51168C1F83F810002D39AA /* AppDelegate.h */ = {isa = PBXFileReference; lastKnownFileType = sourcecode.c.h; path = AppDelegate.h; sourceTree = "<group>"; };
		8E51168D1F83F810002D39AA /* AppDelegate.m */ = {isa = PBXFileReference; lastKnownFileType = sourcecode.c.objc; path = AppDelegate.m; sourceTree = "<group>"; };
		8E51168F1F83F810002D39AA /* ViewController.h */ = {isa = PBXFileReference; lastKnownFileType = sourcecode.c.h; path = ViewController.h; sourceTree = "<group>"; };
		8E5116901F83F810002D39AA /* ViewController.m */ = {isa = PBXFileReference; lastKnownFileType = sourcecode.c.objc; path = ViewController.m; sourceTree = "<group>"; };
		8E5116931F83F810002D39AA /* Base */ = {isa = PBXFileReference; lastKnownFileType = file.storyboard; name = Base; path = Base.lproj/Main.storyboard; sourceTree = "<group>"; };
		8E5116951F83F810002D39AA /* Assets.xcassets */ = {isa = PBXFileReference; lastKnownFileType = folder.assetcatalog; path = Assets.xcassets; sourceTree = "<group>"; };
		8E5116981F83F810002D39AA /* Base */ = {isa = PBXFileReference; lastKnownFileType = file.storyboard; name = Base; path = Base.lproj/LaunchScreen.storyboard; sourceTree = "<group>"; };
		8E51169A1F83F810002D39AA /* Info.plist */ = {isa = PBXFileReference; lastKnownFileType = text.plist.xml; path = Info.plist; sourceTree = "<group>"; };
		8E51169B1F83F810002D39AA /* main.m */ = {isa = PBXFileReference; lastKnownFileType = sourcecode.c.objc; path = main.m; sourceTree = "<group>"; };
/* End PBXFileReference section */

/* Begin PBXFrameworksBuildPhase section */
		8E5116861F83F810002D39AA /* Frameworks */ = {
			isa = PBXFrameworksBuildPhase;
			buildActionMask = 2147483647;
			files = (
			);
			runOnlyForDeploymentPostprocessing = 0;
		};
/* End PBXFrameworksBuildPhase section */

/* Begin PBXGroup section */
		8E5116801F83F80F002D39AA = {
			isa = PBXGroup;
			children = (
				8E51168B1F83F810002D39AA /* methodLinkTest */,
				8E51168A1F83F810002D39AA /* Products */,
			);
			sourceTree = "<group>";
		};
		8E51168A1F83F810002D39AA /* Products */ = {
			isa = PBXGroup;
			children = (
				8E5116891F83F810002D39AA /* methodLinkTest.app */,
			);
			name = Products;
			sourceTree = "<group>";
		};
		8E51168B1F83F810002D39AA /* methodLinkTest */ = {
			isa = PBXGroup;
			children = (
				8E51168C1F83F810002D39AA /* AppDelegate.h */,
				8E51168D1F83F810002D39AA /* AppDelegate.m */,
				8E51168F1F83F810002D39AA /* ViewController.h */,
				8E5116901F83F810002D39AA /* ViewController.m */,
				8E5116921F83F810002D39AA /* Main.storyboard */,
				8E5116951F83F810002D39AA /* Assets.xcassets */,
				8E5116971F83F810002D39AA /* LaunchScreen.storyboard */,
				8E51169A1F83F810002D39AA /* Info.plist */,
				8E51169B1F83F810002D39AA /* main.m */,
			);
			path = methodLinkTest;
			sourceTree = "<group>";
		};
/* End PBXGroup section */

/* Begin PBXNativeTarget section */
		8E5116881F83F810002D39AA /* methodLinkTest */ = {
			isa = PBXNativeTarget;
			buildConfigurationList = 8E51169F1F83F810002D39AA /* Build configuration list for PBXNativeTarget "methodLinkTest" */;
			buildPhases = (
				8E5116851F83F810002D39AA /* Sources */,
				8E5116861F83F810002D39AA /* Frameworks */,
				8E5116871F83F810002D39AA /* Resources */,
			);
			buildRules = (
			);
			dependencies = (
			);
			name = methodLinkTest;
			productName = methodLinkTest;
			productReference = 8E5116891F83F810002D39AA /* methodLinkTest.app */;
			productType = "com.apple.product-type.application";
		};
/* End PBXNativeTarget section */

/* Begin PBXProject section */
		8E5116811F83F80F002D39AA /* Project object */ = {
			isa = PBXProject;
			attributes = {
				LastUpgradeCheck = 0900;
				ORGANIZATIONNAME = "Xapek Lernov";
				TargetAttributes = {
					8E5116881F83F810002D39AA = {
						CreatedOnToolsVersion = 9.0;
						ProvisioningStyle = Automatic;
					};
				};
			};
			buildConfigurationList = 8E5116841F83F80F002D39AA /* Build configuration list for PBXProject "methodLinkTest" */;
			compatibilityVersion = "Xcode 8.0";
			developmentRegion = en;
			hasScannedForEncodings = 0;
			knownRegions = (
				en,
				Base,
			);
			mainGroup = 8E5116801F83F80F002D39AA;
			productRefGroup = 8E51168A1F83F810002D39AA /* Products */;
			projectDirPath = "";
			projectRoot = "";
			targets = (
				8E5116881F83F810002D39AA /* methodLinkTest */,
			);
		};
/* End PBXProject section */

/* Begin PBXResourcesBuildPhase section */
		8E5116871F83F810002D39AA /* Resources */ = {
			isa = PBXResourcesBuildPhase;
			buildActionMask = 2147483647;
			files = (
				8E5116991F83F810002D39AA /* LaunchScreen.storyboard in Resources */,
				8E5116961F83F810002D39AA /* Assets.xcassets in Resources */,
				8E5116941F83F810002D39AA /* Main.storyboard in Resources */,
			);
			runOnlyForDeploymentPostprocessing = 0;
		};
/* End PBXResourcesBuildPhase section */

/* Begin PBXSourcesBuildPhase section */
		8E5116851F83F810002D39AA /* Sources */ = {
			isa = PBXSourcesBuildPhase;
			buildActionMask = 2147483647;
			files = (
				8E5116911F83F810002D39AA /* ViewController.m in Sources */,
				8E51169C1F83F810002D39AA /* main.m in Sources */,
				8E51168E1F83F810002D39AA /* AppDelegate.m in Sources */,
			);
			runOnlyForDeploymentPostprocessing = 0;
		};
/* End PBXSourcesBuildPhase section */

/* Begin PBXVariantGroup section */
		8E5116921F83F810002D39AA /* Main.storyboard */ = {
			isa = PBXVariantGroup;
			children = (
				8E5116931F83F810002D39AA /* Base */,
			);
			name = Main.storyboard;
			sourceTree = "<group>";
		};
		8E5116971F83F810002D39AA /* LaunchScreen.storyboard */ = {
			isa = PBXVariantGroup;
			children = (
				8E5116981F83F810002D39AA /* Base */,
			);
			name = LaunchScreen.storyboard;
			sourceTree = "<group>";
		};
/* End PBXVariantGroup section */

/* Begin XCBuildConfiguration section */
		8E51169D1F83F810002D39AA /* Debug */ = {
			isa = XCBuildConfiguration;
			buildSettings = {
				ALWAYS_SEARCH_USER_PATHS = NO;
				CLANG_ANALYZER_NONNULL = YES;
				CLANG_ANALYZER_NUMBER_OBJECT_CONVERSION = YES_AGGRESSIVE;
				CLANG_CXX_LANGUAGE_STANDARD = "gnu++14";
				CLANG_CXX_LIBRARY = "libc++";
				CLANG_ENABLE_MODULES = YES;
				CLANG_ENABLE_OBJC_ARC = YES;
				CLANG_WARN_BLOCK_CAPTURE_AUTORELEASING = YES;
				CLANG_WARN_BOOL_CONVERSION = YES;
				CLANG_WARN_COMMA = YES;
				CLANG_WARN_CONSTANT_CONVERSION = YES;
				CLANG_WARN_DIRECT_OBJC_ISA_USAGE = YES_ERROR;
				CLANG_WARN_DOCUMENTATION_COMMENTS = YES;
				CLANG_WARN_EMPTY_BODY = YES;
				CLANG_WARN_ENUM_CONVERSION = YES;
				CLANG_WARN_INFINITE_RECURSION = YES;
				CLANG_WARN_INT_CONVERSION = YES;
				CLANG_WARN_NON_LITERAL_NULL_CONVERSION = YES;
				CLANG_WARN_OBJC_LITERAL_CONVERSION = YES;
				CLANG_WARN_OBJC_ROOT_CLASS = YES_ERROR;
				CLANG_WARN_RANGE_LOOP_ANALYSIS = YES;
				CLANG_WARN_STRICT_PROTOTYPES = YES;
				CLANG_WARN_SUSPICIOUS_MOVE = YES;
				CLANG_WARN_UNGUARDED_AVAILABILITY = YES_AGGRESSIVE;
				CLANG_WARN_UNREACHABLE_CODE = YES;
				CLANG_WARN__DUPLICATE_METHOD_MATCH = YES;
				CODE_SIGN_IDENTITY = "iPhone Developer";
				COPY_PHASE_STRIP = NO;
				DEBUG_INFORMATION_FORMAT = dwarf;
				ENABLE_STRICT_OBJC_MSGSEND = YES;
				ENABLE_TESTABILITY = YES;
				GCC_C_LANGUAGE_STANDARD = gnu11;
				GCC_DYNAMIC_NO_PIC = NO;
				GCC_NO_COMMON_BLOCKS = YES;
				GCC_OPTIMIZATION_LEVEL = 0;
				GCC_PREPROCESSOR_DEFINITIONS = (
					"DEBUG=1",
					"$(inherited)",
				);
				GCC_WARN_64_TO_32_BIT_CONVERSION = YES;
				GCC_WARN_ABOUT_RETURN_TYPE = YES_ERROR;
				GCC_WARN_UNDECLARED_SELECTOR = YES;
				GCC_WARN_UNINITIALIZED_AUTOS = YES_AGGRESSIVE;
				GCC_WARN_UNUSED_FUNCTION = YES;
				GCC_WARN_UNUSED_VARIABLE = YES;
				IPHONEOS_DEPLOYMENT_TARGET = 11.0;
				MTL_ENABLE_DEBUG_INFO = YES;
				ONLY_ACTIVE_ARCH = YES;
				SDKROOT = iphoneos;
			};
			name = Debug;
		};
		8E51169E1F83F810002D39AA /* Release */ = {
			isa = XCBuildConfiguration;
			buildSettings = {
				ALWAYS_SEARCH_USER_PATHS = NO;
				CLANG_ANALYZER_NONNULL = YES;
				CLANG_ANALYZER_NUMBER_OBJECT_CONVERSION = YES_AGGRESSIVE;
				CLANG_CXX_LANGUAGE_STANDARD = "gnu++14";
				CLANG_CXX_LIBRARY = "libc++";
				CLANG_ENABLE_MODULES = YES;
				CLANG_ENABLE_OBJC_ARC = YES;
				CLANG_WARN_BLOCK_CAPTURE_AUTORELEASING = YES;
				CLANG_WARN_BOOL_CONVERSION = YES;
				CLANG_WARN_COMMA = YES;
				CLANG_WARN_CONSTANT_CONVERSION = YES;
				CLANG_WARN_DIRECT_OBJC_ISA_USAGE = YES_ERROR;
				CLANG_WARN_DOCUMENTATION_COMMENTS = YES;
				CLANG_WARN_EMPTY_BODY = YES;
				CLANG_WARN_ENUM_CONVERSION = YES;
				CLANG_WARN_INFINITE_RECURSION = YES;
				CLANG_WARN_INT_CONVERSION = YES;
				CLANG_WARN_NON_LITERAL_NULL_CONVERSION = YES;
				CLANG_WARN_OBJC_LITERAL_CONVERSION = YES;
				CLANG_WARN_OBJC_ROOT_CLASS = YES_ERROR;
				CLANG_WARN_RANGE_LOOP_ANALYSIS = YES;
				CLANG_WARN_STRICT_PROTOTYPES = YES;
				CLANG_WARN_SUSPICIOUS_MOVE = YES;
				CLANG_WARN_UNGUARDED_AVAILABILITY = YES_AGGRESSIVE;
				CLANG_WARN_UNREACHABLE_CODE = YES;
				CLANG_WARN__DUPLICATE_METHOD_MATCH = YES;
				CODE_SIGN_IDENTITY = "iPhone Developer";
				COPY_PHASE_STRIP = NO;
				DEBUG_INFORMATION_FORMAT = "dwarf-with-dsym";
				ENABLE_NS_ASSERTIONS = NO;
				ENABLE_STRICT_OBJC_MSGSEND = YES;
				GCC_C_LANGUAGE_STANDARD = gnu11;
				GCC_NO_COMMON_BLOCKS = YES;
				GCC_WARN_64_TO_32_BIT_CONVERSION = YES;
				GCC_WARN_ABOUT_RETURN_TYPE = YES_ERROR;
				GCC_WARN_UNDECLARED_SELECTOR = YES;
				GCC_WARN_UNINITIALIZED_AUTOS = YES_AGGRESSIVE;
				GCC_WARN_UNUSED_FUNCTION = YES;
				GCC_WARN_UNUSED_VARIABLE = YES;
				IPHONEOS_DEPLOYMENT_TARGET = 11.0;
				MTL_ENABLE_DEBUG_INFO = NO;
				SDKROOT = iphoneos;
				VALIDATE_PRODUCT = YES;
			};
			name = Release;
		};
		8E5116A01F83F810002D39AA /* Debug */ = {
			isa = XCBuildConfiguration;
			buildSettings = {
				ASSETCATALOG_COMPILER_APPICON_NAME = AppIcon;
				CODE_SIGN_STYLE = Automatic;
				DEVELOPMENT_TEAM = PFKEF5GQ5B;
				INFOPLIST_FILE = methodLinkTest/Info.plist;
				LD_RUNPATH_SEARCH_PATHS = "$(inherited) @executable_path/Frameworks";
				PRODUCT_BUNDLE_IDENTIFIER = ZEKH.methodLinkTest;
				PRODUCT_NAME = "$(TARGET_NAME)";
				TARGETED_DEVICE_FAMILY = "1,2";
			};
			name = Debug;
		};
		8E5116A11F83F810002D39AA /* Release */ = {
			isa = XCBuildConfiguration;
			buildSettings = {
				ASSETCATALOG_COMPILER_APPICON_NAME = AppIcon;
				CODE_SIGN_STYLE = Automatic;
				DEVELOPMENT_TEAM = PFKEF5GQ5B;
				INFOPLIST_FILE = methodLinkTest/Info.plist;
				LD_RUNPATH_SEARCH_PATHS = "$(inherited) @executable_path/Frameworks";
				PRODUCT_BUNDLE_IDENTIFIER = ZEKH.methodLinkTest;
				PRODUCT_NAME = "$(TARGET_NAME)";
				TARGETED_DEVICE_FAMILY = "1,2";
			};
			name = Release;
		};
/* End XCBuildConfiguration section */

/* Begin XCConfigurationList section */
		8E5116841F83F80F002D39AA /* Build configuration list for PBXProject "methodLinkTest" */ = {
			isa = XCConfigurationList;
			buildConfigurations = (
				8E51169D1F83F810002D39AA /* Debug */,
				8E51169E1F83F810002D39AA /* Release */,
			);
			defaultConfigurationIsVisible = 0;
			defaultConfigurationName = Release;
		};
		8E51169F1F83F810002D39AA /* Build configuration list for PBXNativeTarget "methodLinkTest" */ = {
			isa = XCConfigurationList;
			buildConfigurations = (
				8E5116A01F83F810002D39AA /* Debug */,
				8E5116A11F83F810002D39AA /* Release */,
			);
			defaultConfigurationIsVisible = 0;
			defaultConfigurationName = Release;
		};
/* End XCConfigurationList section */
	};
	rootObject = 8E5116811F83F80F002D39AA /* Project object */;
}
